
Microsoft Visual Studio Solution File, Format Version 12.00
# Visual Studio Version 16
VisualStudioVersion = 16.0.30204.135
MinimumVisualStudioVersion = 10.0.40219.1
Project("{9A19103F-16F7-4668-BE54-9A1E7A4F7556}") = "EventManager", "EventManager\EventManager.csproj", "{C3214FA4-4DAC-477C-90AE-290B3CAD45A4}"
EndProject
Project("{FAE04EC0-301F-11D3-BF4B-00C04F79EFBC}") = "EventManager.Models", "EventManager.Models\EventManager.Models.csproj", "{1C55DE4D-A96B-45B0-AE25-B281FE379420}"
EndProject
Project("{FAE04EC0-301F-11D3-BF4B-00C04F79EFBC}") = "EventManager.Database", "EventManager.Database\EventManager.Database.csproj", "{3DFECBFD-8420-44A2-BA27-2C609797D8C1}"
EndProject
Project("{FAE04EC0-301F-11D3-BF4B-00C04F79EFBC}") = "EventManager.Persistence", "EventManager.Persistence\EventManager.Persistence.csproj", "{75723788-AAE1-4AFD-802E-C8BC179D738E}"
EndProject
Project("{FAE04EC0-301F-11D3-BF4B-00C04F79EFBC}") = "EventManager.Core", "EventManager.Core\EventManager.Core.csproj", "{C2DFD186-DA34-4073-BCB9-F740D3ED4A89}"
EndProject
Global
	GlobalSection(SolutionConfigurationPlatforms) = preSolution
		Debug|Any CPU = Debug|Any CPU
		Release|Any CPU = Release|Any CPU
	EndGlobalSection
	GlobalSection(ProjectConfigurationPlatforms) = postSolution
		{C3214FA4-4DAC-477C-90AE-290B3CAD45A4}.Debug|Any CPU.ActiveCfg = Debug|Any CPU
		{C3214FA4-4DAC-477C-90AE-290B3CAD45A4}.Debug|Any CPU.Build.0 = Debug|Any CPU
		{C3214FA4-4DAC-477C-90AE-290B3CAD45A4}.Release|Any CPU.ActiveCfg = Release|Any CPU
		{C3214FA4-4DAC-477C-90AE-290B3CAD45A4}.Release|Any CPU.Build.0 = Release|Any CPU
		{1C55DE4D-A96B-45B0-AE25-B281FE379420}.Debug|Any CPU.ActiveCfg = Debug|Any CPU
		{1C55DE4D-A96B-45B0-AE25-B281FE379420}.Debug|Any CPU.Build.0 = Debug|Any CPU
		{1C55DE4D-A96B-45B0-AE25-B281FE379420}.Release|Any CPU.ActiveCfg = Release|Any CPU
		{1C55DE4D-A96B-45B0-AE25-B281FE379420}.Release|Any CPU.Build.0 = Release|Any CPU
		{3DFECBFD-8420-44A2-BA27-2C609797D8C1}.Debug|Any CPU.ActiveCfg = Debug|Any CPU
		{3DFECBFD-8420-44A2-BA27-2C609797D8C1}.Debug|Any CPU.Build.0 = Debug|Any CPU
		{3DFECBFD-8420-44A2-BA27-2C609797D8C1}.Release|Any CPU.ActiveCfg = Release|Any CPU
		{3DFECBFD-8420-44A2-BA27-2C609797D8C1}.Release|Any CPU.Build.0 = Release|Any CPU
		{75723788-AAE1-4AFD-802E-C8BC179D738E}.Debug|Any CPU.ActiveCfg = Debug|Any CPU
		{75723788-AAE1-4AFD-802E-C8BC179D738E}.Debug|Any CPU.Build.0 = Debug|Any CPU
		{75723788-AAE1-4AFD-802E-C8BC179D738E}.Release|Any CPU.ActiveCfg = Release|Any CPU
		{75723788-AAE1-4AFD-802E-C8BC179D738E}.Release|Any CPU.Build.0 = Release|Any CPU
		{C2DFD186-DA34-4073-BCB9-F740D3ED4A89}.Debug|Any CPU.ActiveCfg = Debug|Any CPU
		{C2DFD186-DA34-4073-BCB9-F740D3ED4A89}.Debug|Any CPU.Build.0 = Debug|Any CPU
		{C2DFD186-DA34-4073-BCB9-F740D3ED4A89}.Release|Any CPU.ActiveCfg = Release|Any CPU
		{C2DFD186-DA34-4073-BCB9-F740D3ED4A89}.Release|Any CPU.Build.0 = Release|Any CPU
	EndGlobalSection
	GlobalSection(SolutionProperties) = preSolution
		HideSolutionNode = FALSE
	EndGlobalSection
	GlobalSection(ExtensibilityGlobals) = postSolution
		SolutionGuid = {4C7CC3F7-5E84-42EF-9623-4D8BB039F465}
	EndGlobalSection
EndGlobal
